PODS:
  - CocoaAsyncSocket (7.6.4)

DEPENDENCIES:
  - CocoaAsyncSocket (~> 7.6.4)

SPEC REPOS:
  https://github.com/cocoapods/specs.git:
    - CocoaAsyncSocket

SPEC CHECKSUMS:
  CocoaAsyncSocket: 694058e7c0ed05a9e217d1b3c7ded962f4180845

PODFILE CHECKSUM: de9c21c98ad6f90de7761bf0ed7cde7cd4961581

COCOAPODS: 1.7.5
